
Microsoft Visual Studio Solution File, Format Version 12.00
# Visual Studio 15
Project("{FAE04EC0-301F-11D3-BF4B-00C04F79EFBC}") = "Webshop", "Webshop\Webshop.csproj", "{95929AD9-FCFB-49D0-85BC-87A14DD33F47}"
EndProject
Project("{FAE04EC0-301F-11D3-BF4B-00C04F79EFBC}") = "Webshop.UnitTests", "Webshop.UnitTests\Webshop.UnitTests.csproj", "{F5CC54BF-BA85-45D3-8201-251523EDC899}"
EndProject
Global
	GlobalSection(SolutionConfigurationPlatforms) = preSolution
		Debug|Any CPU = Debug|Any CPU
		Release|Any CPU = Release|Any CPU
	EndGlobalSection
	GlobalSection(ProjectConfigurationPlatforms) = postSolution
		{95929AD9-FCFB-49D0-85BC-87A14DD33F47}.Debug|Any CPU.ActiveCfg = Debug|Any CPU
		{95929AD9-FCFB-49D0-85BC-87A14DD33F47}.Debug|Any CPU.Build.0 = Debug|Any CPU
		{95929AD9-FCFB-49D0-85BC-87A14DD33F47}.Release|Any CPU.ActiveCfg = Release|Any CPU
		{95929AD9-FCFB-49D0-85BC-87A14DD33F47}.Release|Any CPU.Build.0 = Release|Any CPU
		{F5CC54BF-BA85-45D3-8201-251523EDC899}.Debug|Any CPU.ActiveCfg = Debug|Any CPU
		{F5CC54BF-BA85-45D3-8201-251523EDC899}.Debug|Any CPU.Build.0 = Debug|Any CPU
		{F5CC54BF-BA85-45D3-8201-251523EDC899}.Release|Any CPU.ActiveCfg = Release|Any CPU
		{F5CC54BF-BA85-45D3-8201-251523EDC899}.Release|Any CPU.Build.0 = Release|Any CPU
	EndGlobalSection
EndGlobal
